
Microsoft Visual Studio Solution File, Format Version 12.00
# Visual Studio Version 16
VisualStudioVersion = 16.0.31205.134
MinimumVisualStudioVersion = 10.0.40219.1
Project("{FAE04EC0-301F-11D3-BF4B-00C04F79EFBC}") = "Buddies", "Buddies\Buddies.csproj", "{ADF5EB62-B75D-4FAC-9DB2-6F0DBC3F4253}"
EndProject
Global
	GlobalSection(SolutionConfigurationPlatforms) = preSolution
		Debug|Any CPU = Debug|Any CPU
		Release|Any CPU = Release|Any CPU
	EndGlobalSection
	GlobalSection(ProjectConfigurationPlatforms) = postSolution
		{ADF5EB62-B75D-4FAC-9DB2-6F0DBC3F4253}.Debug|Any CPU.ActiveCfg = Debug|Any CPU
		{ADF5EB62-B75D-4FAC-9DB2-6F0DBC3F4253}.Debug|Any CPU.Build.0 = Debug|Any CPU
		{ADF5EB62-B75D-4FAC-9DB2-6F0DBC3F4253}.Release|Any CPU.ActiveCfg = Release|Any CPU
		{ADF5EB62-B75D-4FAC-9DB2-6F0DBC3F4253}.Release|Any CPU.Build.0 = Release|Any CPU
	EndGlobalSection
	GlobalSection(SolutionProperties) = preSolution
		HideSolutionNode = FALSE
	EndGlobalSection
	GlobalSection(ExtensibilityGlobals) = postSolution
		SolutionGuid = {CD6BF51C-B547-4C9B-93C0-C1181C7BE657}
	EndGlobalSection
EndGlobal
